
Microsoft Visual Studio Solution File, Format Version 12.00
# Visual Studio Version 17
VisualStudioVersion = 17.8.34511.84
MinimumVisualStudioVersion = 10.0.40219.1
Project("{FAE04EC0-301F-11D3-BF4B-00C04F79EFBC}") = "AwesomeDevEvents.API", "AwesomeDevEvents.API\AwesomeDevEvents.API.csproj", "{A6DEED64-4050-4E4F-8A01-68A58FD68A6A}"
EndProject
Global
	GlobalSection(SolutionConfigurationPlatforms) = preSolution
		Debug|Any CPU = Debug|Any CPU
		Release|Any CPU = Release|Any CPU
	EndGlobalSection
	GlobalSection(ProjectConfigurationPlatforms) = postSolution
		{A6DEED64-4050-4E4F-8A01-68A58FD68A6A}.Debug|Any CPU.ActiveCfg = Debug|Any CPU
		{A6DEED64-4050-4E4F-8A01-68A58FD68A6A}.Debug|Any CPU.Build.0 = Debug|Any CPU
		{A6DEED64-4050-4E4F-8A01-68A58FD68A6A}.Release|Any CPU.ActiveCfg = Release|Any CPU
		{A6DEED64-4050-4E4F-8A01-68A58FD68A6A}.Release|Any CPU.Build.0 = Release|Any CPU
	EndGlobalSection
	GlobalSection(SolutionProperties) = preSolution
		HideSolutionNode = FALSE
	EndGlobalSection
	GlobalSection(ExtensibilityGlobals) = postSolution
		SolutionGuid = {EA34D68F-47CD-48AD-8F08-87C29C82E890}
	EndGlobalSection
EndGlobal
